
Microsoft Visual Studio Solution File, Format Version 12.00
# Visual Studio 15
VisualStudioVersion = 15.0.27703.2035
MinimumVisualStudioVersion = 10.0.40219.1
Project("{8BC9CEB8-8B4A-11D0-8D11-00A0C91BC942}") = "AutonomousCarLaneDectection", "AutonomousCarLaneDectection\AutonomousCarLaneDectection.vcxproj", "{244D9414-AB15-48C9-85B1-FA7D77C8E301}"
EndProject
Global
	GlobalSection(SolutionConfigurationPlatforms) = preSolution
		Debug|x64 = Debug|x64
		Debug|x86 = Debug|x86
		Release|x64 = Release|x64
		Release|x86 = Release|x86
	EndGlobalSection
	GlobalSection(ProjectConfigurationPlatforms) = postSolution
		{244D9414-AB15-48C9-85B1-FA7D77C8E301}.Debug|x64.ActiveCfg = Debug|x64
		{244D9414-AB15-48C9-85B1-FA7D77C8E301}.Debug|x64.Build.0 = Debug|x64
		{244D9414-AB15-48C9-85B1-FA7D77C8E301}.Debug|x86.ActiveCfg = Debug|Win32
		{244D9414-AB15-48C9-85B1-FA7D77C8E301}.Debug|x86.Build.0 = Debug|Win32
		{244D9414-AB15-48C9-85B1-FA7D77C8E301}.Release|x64.ActiveCfg = Release|x64
		{244D9414-AB15-48C9-85B1-FA7D77C8E301}.Release|x64.Build.0 = Release|x64
		{244D9414-AB15-48C9-85B1-FA7D77C8E301}.Release|x86.ActiveCfg = Release|Win32
		{244D9414-AB15-48C9-85B1-FA7D77C8E301}.Release|x86.Build.0 = Release|Win32
	EndGlobalSection
	GlobalSection(SolutionProperties) = preSolution
		HideSolutionNode = FALSE
	EndGlobalSection
	GlobalSection(ExtensibilityGlobals) = postSolution
		SolutionGuid = {F8CF4A0F-27C8-4201-B51B-465B274D3119}
	EndGlobalSection
EndGlobal
